
Microsoft Visual Studio Solution File, Format Version 12.00
# Visual Studio 15
VisualStudioVersion = 15.0.26124.0
MinimumVisualStudioVersion = 15.0.26124.0
Project("{FAE04EC0-301F-11D3-BF4B-00C04F79EFBC}") = "Behavioral.ChainOfResponsibility", "Behavioral.ChainOfResponsibility\Behavioral.ChainOfResponsibility.csproj", "{97FDB468-FA45-4CAB-9729-4238678AB13F}"
EndProject
Project("{FAE04EC0-301F-11D3-BF4B-00C04F79EFBC}") = "Behavioral.Command", "Behavioral.Command\Behavioral.Command.csproj", "{0A092811-D447-47DD-9205-FD8270CD828B}"
EndProject
Project("{FAE04EC0-301F-11D3-BF4B-00C04F79EFBC}") = "Behavioral.Interpreter", "Behavioral.Interpreter\Behavioral.Interpreter.csproj", "{4DB24B00-0BC6-4C79-A4FC-EFBBFBA3A45C}"
EndProject
Project("{FAE04EC0-301F-11D3-BF4B-00C04F79EFBC}") = "Behavioral.Iterator", "Behavioral.Iterator\Behavioral.Iterator.csproj", "{05EA4F41-8A18-4559-A21E-AE490A62BF8B}"
EndProject
Project("{FAE04EC0-301F-11D3-BF4B-00C04F79EFBC}") = "Behavioral.Mediator", "Behavioral.Mediator\Behavioral.Mediator.csproj", "{26689095-4031-41CC-903D-1E5377C4BC22}"
EndProject
Project("{FAE04EC0-301F-11D3-BF4B-00C04F79EFBC}") = "Behavioral.Memento", "Behavioral.Memento\Behavioral.Memento.csproj", "{D6069CC4-2F0D-46AF-B747-2E24002AC79F}"
EndProject
Project("{FAE04EC0-301F-11D3-BF4B-00C04F79EFBC}") = "Behavioral.Observer", "Behavioral.Observer\Behavioral.Observer.csproj", "{49DEBB02-7F5B-444D-87CE-E9BD34A5E89B}"
EndProject
Project("{FAE04EC0-301F-11D3-BF4B-00C04F79EFBC}") = "Behavioral.State", "Behavioral.State\Behavioral.State.csproj", "{2018039A-94C9-4908-8112-9A836440943A}"
EndProject
Project("{FAE04EC0-301F-11D3-BF4B-00C04F79EFBC}") = "Behavioral.Strategy", "Behavioral.Strategy\Behavioral.Strategy.csproj", "{B3795D80-D5FD-449A-A2E6-B50E13CE8707}"
EndProject
Project("{FAE04EC0-301F-11D3-BF4B-00C04F79EFBC}") = "Behavioral.TemplateMethod", "Behavioral.TemplateMethod\Behavioral.TemplateMethod.csproj", "{46C4CD60-779C-400D-B141-2639B7326884}"
EndProject
Project("{FAE04EC0-301F-11D3-BF4B-00C04F79EFBC}") = "Behavioral.Visitor", "Behavioral.Visitor\Behavioral.Visitor.csproj", "{56B25DBD-4CAF-425E-9F14-CD9C528BF7F4}"
EndProject
Project("{FAE04EC0-301F-11D3-BF4B-00C04F79EFBC}") = "Creatioanl.FactoryMethod", "Creatioanl.FactoryMethod\Creatioanl.FactoryMethod.csproj", "{049188E6-B830-4B5A-B85B-2C07570CD1EF}"
EndProject
Project("{FAE04EC0-301F-11D3-BF4B-00C04F79EFBC}") = "Creational.Singleton", "Creational.Singleton\Creational.Singleton.csproj", "{4FD13CE6-8FE0-4335-9B03-34835ED43C14}"
EndProject
Project("{FAE04EC0-301F-11D3-BF4B-00C04F79EFBC}") = "Creational.AbstractFactory", "Creational.AbstractFactory\Creational.AbstractFactory.csproj", "{7448B9D8-9901-4028-B8F0-08E0F87AE669}"
EndProject
Project("{FAE04EC0-301F-11D3-BF4B-00C04F79EFBC}") = "Creational.Builder", "Creational.Builder\Creational.Builder.csproj", "{E86674B9-FC6B-4876-9FDF-38E745349F46}"
EndProject
Project("{FAE04EC0-301F-11D3-BF4B-00C04F79EFBC}") = "Creational.Prototype", "Creational.Prototype\Creational.Prototype.csproj", "{1CB200F3-7048-475D-95A4-83D849A7113E}"
EndProject
Project("{FAE04EC0-301F-11D3-BF4B-00C04F79EFBC}") = "Structural.Adapter", "Structural.Adapter\Structural.Adapter.csproj", "{FAE1EB11-618E-4B50-8AC0-93178ACCC92E}"
EndProject
Project("{FAE04EC0-301F-11D3-BF4B-00C04F79EFBC}") = "Structural.Bridge", "Structural.Bridge\Structural.Bridge.csproj", "{5110BAF2-615C-4A83-8F7A-9685EF79C476}"
EndProject
Project("{FAE04EC0-301F-11D3-BF4B-00C04F79EFBC}") = "Structural.Composite", "Structural.Composite\Structural.Composite.csproj", "{39048D8C-2B01-4366-B2F6-CDF68D1891D6}"
EndProject
Project("{FAE04EC0-301F-11D3-BF4B-00C04F79EFBC}") = "Structural.Decorator", "Structural.Decorator\Structural.Decorator.csproj", "{37375A15-4F14-49A7-A80D-8DEA2BB461F4}"
EndProject
Project("{FAE04EC0-301F-11D3-BF4B-00C04F79EFBC}") = "Structural.Facade", "Structural.Facade\Structural.Facade.csproj", "{6E9BEBF6-6AC3-48F0-B9E9-5388C234D624}"
EndProject
Project("{FAE04EC0-301F-11D3-BF4B-00C04F79EFBC}") = "Structural.Flyweight", "Structural.Flyweight\Structural.Flyweight.csproj", "{CD8FB48B-9224-4055-B920-E6C2A26D2FC0}"
EndProject
Project("{FAE04EC0-301F-11D3-BF4B-00C04F79EFBC}") = "Structural.Proxy", "Structural.Proxy\Structural.Proxy.csproj", "{EBB11A90-F559-4783-B14E-744E2FB8FB70}"
EndProject
Global
	GlobalSection(SolutionConfigurationPlatforms) = preSolution
		Debug|Any CPU = Debug|Any CPU
		Debug|x64 = Debug|x64
		Debug|x86 = Debug|x86
		Release|Any CPU = Release|Any CPU
		Release|x64 = Release|x64
		Release|x86 = Release|x86
	EndGlobalSection
	GlobalSection(SolutionProperties) = preSolution
		HideSolutionNode = FALSE
	EndGlobalSection
	GlobalSection(ProjectConfigurationPlatforms) = postSolution
		{97FDB468-FA45-4CAB-9729-4238678AB13F}.Debug|Any CPU.ActiveCfg = Debug|Any CPU
		{97FDB468-FA45-4CAB-9729-4238678AB13F}.Debug|Any CPU.Build.0 = Debug|Any CPU
		{97FDB468-FA45-4CAB-9729-4238678AB13F}.Debug|x64.ActiveCfg = Debug|Any CPU
		{97FDB468-FA45-4CAB-9729-4238678AB13F}.Debug|x64.Build.0 = Debug|Any CPU
		{97FDB468-FA45-4CAB-9729-4238678AB13F}.Debug|x86.ActiveCfg = Debug|Any CPU
		{97FDB468-FA45-4CAB-9729-4238678AB13F}.Debug|x86.Build.0 = Debug|Any CPU
		{97FDB468-FA45-4CAB-9729-4238678AB13F}.Release|Any CPU.ActiveCfg = Release|Any CPU
		{97FDB468-FA45-4CAB-9729-4238678AB13F}.Release|Any CPU.Build.0 = Release|Any CPU
		{97FDB468-FA45-4CAB-9729-4238678AB13F}.Release|x64.ActiveCfg = Release|Any CPU
		{97FDB468-FA45-4CAB-9729-4238678AB13F}.Release|x64.Build.0 = Release|Any CPU
		{97FDB468-FA45-4CAB-9729-4238678AB13F}.Release|x86.ActiveCfg = Release|Any CPU
		{97FDB468-FA45-4CAB-9729-4238678AB13F}.Release|x86.Build.0 = Release|Any CPU
		{0A092811-D447-47DD-9205-FD8270CD828B}.Debug|Any CPU.ActiveCfg = Debug|Any CPU
		{0A092811-D447-47DD-9205-FD8270CD828B}.Debug|Any CPU.Build.0 = Debug|Any CPU
		{0A092811-D447-47DD-9205-FD8270CD828B}.Debug|x64.ActiveCfg = Debug|Any CPU
		{0A092811-D447-47DD-9205-FD8270CD828B}.Debug|x64.Build.0 = Debug|Any CPU
		{0A092811-D447-47DD-9205-FD8270CD828B}.Debug|x86.ActiveCfg = Debug|Any CPU
		{0A092811-D447-47DD-9205-FD8270CD828B}.Debug|x86.Build.0 = Debug|Any CPU
		{0A092811-D447-47DD-9205-FD8270CD828B}.Release|Any CPU.ActiveCfg = Release|Any CPU
		{0A092811-D447-47DD-9205-FD8270CD828B}.Release|Any CPU.Build.0 = Release|Any CPU
		{0A092811-D447-47DD-9205-FD8270CD828B}.Release|x64.ActiveCfg = Release|Any CPU
		{0A092811-D447-47DD-9205-FD8270CD828B}.Release|x64.Build.0 = Release|Any CPU
		{0A092811-D447-47DD-9205-FD8270CD828B}.Release|x86.ActiveCfg = Release|Any CPU
		{0A092811-D447-47DD-9205-FD8270CD828B}.Release|x86.Build.0 = Release|Any CPU
		{4DB24B00-0BC6-4C79-A4FC-EFBBFBA3A45C}.Debug|Any CPU.ActiveCfg = Debug|Any CPU
		{4DB24B00-0BC6-4C79-A4FC-EFBBFBA3A45C}.Debug|Any CPU.Build.0 = Debug|Any CPU
		{4DB24B00-0BC6-4C79-A4FC-EFBBFBA3A45C}.Debug|x64.ActiveCfg = Debug|Any CPU
		{4DB24B00-0BC6-4C79-A4FC-EFBBFBA3A45C}.Debug|x64.Build.0 = Debug|Any CPU
		{4DB24B00-0BC6-4C79-A4FC-EFBBFBA3A45C}.Debug|x86.ActiveCfg = Debug|Any CPU
		{4DB24B00-0BC6-4C79-A4FC-EFBBFBA3A45C}.Debug|x86.Build.0 = Debug|Any CPU
		{4DB24B00-0BC6-4C79-A4FC-EFBBFBA3A45C}.Release|Any CPU.ActiveCfg = Release|Any CPU
		{4DB24B00-0BC6-4C79-A4FC-EFBBFBA3A45C}.Release|Any CPU.Build.0 = Release|Any CPU
		{4DB24B00-0BC6-4C79-A4FC-EFBBFBA3A45C}.Release|x64.ActiveCfg = Release|Any CPU
		{4DB24B00-0BC6-4C79-A4FC-EFBBFBA3A45C}.Release|x64.Build.0 = Release|Any CPU
		{4DB24B00-0BC6-4C79-A4FC-EFBBFBA3A45C}.Release|x86.ActiveCfg = Release|Any CPU
		{4DB24B00-0BC6-4C79-A4FC-EFBBFBA3A45C}.Release|x86.Build.0 = Release|Any CPU
		{05EA4F41-8A18-4559-A21E-AE490A62BF8B}.Debug|Any CPU.ActiveCfg = Debug|Any CPU
		{05EA4F41-8A18-4559-A21E-AE490A62BF8B}.Debug|Any CPU.Build.0 = Debug|Any CPU
		{05EA4F41-8A18-4559-A21E-AE490A62BF8B}.Debug|x64.ActiveCfg = Debug|Any CPU
		{05EA4F41-8A18-4559-A21E-AE490A62BF8B}.Debug|x64.Build.0 = Debug|Any CPU
		{05EA4F41-8A18-4559-A21E-AE490A62BF8B}.Debug|x86.ActiveCfg = Debug|Any CPU
		{05EA4F41-8A18-4559-A21E-AE490A62BF8B}.Debug|x86.Build.0 = Debug|Any CPU
		{05EA4F41-8A18-4559-A21E-AE490A62BF8B}.Release|Any CPU.ActiveCfg = Release|Any CPU
		{05EA4F41-8A18-4559-A21E-AE490A62BF8B}.Release|Any CPU.Build.0 = Release|Any CPU
		{05EA4F41-8A18-4559-A21E-AE490A62BF8B}.Release|x64.ActiveCfg = Release|Any CPU
		{05EA4F41-8A18-4559-A21E-AE490A62BF8B}.Release|x64.Build.0 = Release|Any CPU
		{05EA4F41-8A18-4559-A21E-AE490A62BF8B}.Release|x86.ActiveCfg = Release|Any CPU
		{05EA4F41-8A18-4559-A21E-AE490A62BF8B}.Release|x86.Build.0 = Release|Any CPU
		{26689095-4031-41CC-903D-1E5377C4BC22}.Debug|Any CPU.ActiveCfg = Debug|Any CPU
		{26689095-4031-41CC-903D-1E5377C4BC22}.Debug|Any CPU.Build.0 = Debug|Any CPU
		{26689095-4031-41CC-903D-1E5377C4BC22}.Debug|x64.ActiveCfg = Debug|Any CPU
		{26689095-4031-41CC-903D-1E5377C4BC22}.Debug|x64.Build.0 = Debug|Any CPU
		{26689095-4031-41CC-903D-1E5377C4BC22}.Debug|x86.ActiveCfg = Debug|Any CPU
		{26689095-4031-41CC-903D-1E5377C4BC22}.Debug|x86.Build.0 = Debug|Any CPU
		{26689095-4031-41CC-903D-1E5377C4BC22}.Release|Any CPU.ActiveCfg = Release|Any CPU
		{26689095-4031-41CC-903D-1E5377C4BC22}.Release|Any CPU.Build.0 = Release|Any CPU
		{26689095-4031-41CC-903D-1E5377C4BC22}.Release|x64.ActiveCfg = Release|Any CPU
		{26689095-4031-41CC-903D-1E5377C4BC22}.Release|x64.Build.0 = Release|Any CPU
		{26689095-4031-41CC-903D-1E5377C4BC22}.Release|x86.ActiveCfg = Release|Any CPU
		{26689095-4031-41CC-903D-1E5377C4BC22}.Release|x86.Build.0 = Release|Any CPU
		{D6069CC4-2F0D-46AF-B747-2E24002AC79F}.Debug|Any CPU.ActiveCfg = Debug|Any CPU
		{D6069CC4-2F0D-46AF-B747-2E24002AC79F}.Debug|Any CPU.Build.0 = Debug|Any CPU
		{D6069CC4-2F0D-46AF-B747-2E24002AC79F}.Debug|x64.ActiveCfg = Debug|Any CPU
		{D6069CC4-2F0D-46AF-B747-2E24002AC79F}.Debug|x64.Build.0 = Debug|Any CPU
		{D6069CC4-2F0D-46AF-B747-2E24002AC79F}.Debug|x86.ActiveCfg = Debug|Any CPU
		{D6069CC4-2F0D-46AF-B747-2E24002AC79F}.Debug|x86.Build.0 = Debug|Any CPU
		{D6069CC4-2F0D-46AF-B747-2E24002AC79F}.Release|Any CPU.ActiveCfg = Release|Any CPU
		{D6069CC4-2F0D-46AF-B747-2E24002AC79F}.Release|Any CPU.Build.0 = Release|Any CPU
		{D6069CC4-2F0D-46AF-B747-2E24002AC79F}.Release|x64.ActiveCfg = Release|Any CPU
		{D6069CC4-2F0D-46AF-B747-2E24002AC79F}.Release|x64.Build.0 = Release|Any CPU
		{D6069CC4-2F0D-46AF-B747-2E24002AC79F}.Release|x86.ActiveCfg = Release|Any CPU
		{D6069CC4-2F0D-46AF-B747-2E24002AC79F}.Release|x86.Build.0 = Release|Any CPU
		{49DEBB02-7F5B-444D-87CE-E9BD34A5E89B}.Debug|Any CPU.ActiveCfg = Debug|Any CPU
		{49DEBB02-7F5B-444D-87CE-E9BD34A5E89B}.Debug|Any CPU.Build.0 = Debug|Any CPU
		{49DEBB02-7F5B-444D-87CE-E9BD34A5E89B}.Debug|x64.ActiveCfg = Debug|Any CPU
		{49DEBB02-7F5B-444D-87CE-E9BD34A5E89B}.Debug|x64.Build.0 = Debug|Any CPU
		{49DEBB02-7F5B-444D-87CE-E9BD34A5E89B}.Debug|x86.ActiveCfg = Debug|Any CPU
		{49DEBB02-7F5B-444D-87CE-E9BD34A5E89B}.Debug|x86.Build.0 = Debug|Any CPU
		{49DEBB02-7F5B-444D-87CE-E9BD34A5E89B}.Release|Any CPU.ActiveCfg = Release|Any CPU
		{49DEBB02-7F5B-444D-87CE-E9BD34A5E89B}.Release|Any CPU.Build.0 = Release|Any CPU
		{49DEBB02-7F5B-444D-87CE-E9BD34A5E89B}.Release|x64.ActiveCfg = Release|Any CPU
		{49DEBB02-7F5B-444D-87CE-E9BD34A5E89B}.Release|x64.Build.0 = Release|Any CPU
		{49DEBB02-7F5B-444D-87CE-E9BD34A5E89B}.Release|x86.ActiveCfg = Release|Any CPU
		{49DEBB02-7F5B-444D-87CE-E9BD34A5E89B}.Release|x86.Build.0 = Release|Any CPU
		{2018039A-94C9-4908-8112-9A836440943A}.Debug|Any CPU.ActiveCfg = Debug|Any CPU
		{2018039A-94C9-4908-8112-9A836440943A}.Debug|Any CPU.Build.0 = Debug|Any CPU
		{2018039A-94C9-4908-8112-9A836440943A}.Debug|x64.ActiveCfg = Debug|Any CPU
		{2018039A-94C9-4908-8112-9A836440943A}.Debug|x64.Build.0 = Debug|Any CPU
		{2018039A-94C9-4908-8112-9A836440943A}.Debug|x86.ActiveCfg = Debug|Any CPU
		{2018039A-94C9-4908-8112-9A836440943A}.Debug|x86.Build.0 = Debug|Any CPU
		{2018039A-94C9-4908-8112-9A836440943A}.Release|Any CPU.ActiveCfg = Release|Any CPU
		{2018039A-94C9-4908-8112-9A836440943A}.Release|Any CPU.Build.0 = Release|Any CPU
		{2018039A-94C9-4908-8112-9A836440943A}.Release|x64.ActiveCfg = Release|Any CPU
		{2018039A-94C9-4908-8112-9A836440943A}.Release|x64.Build.0 = Release|Any CPU
		{2018039A-94C9-4908-8112-9A836440943A}.Release|x86.ActiveCfg = Release|Any CPU
		{2018039A-94C9-4908-8112-9A836440943A}.Release|x86.Build.0 = Release|Any CPU
		{B3795D80-D5FD-449A-A2E6-B50E13CE8707}.Debug|Any CPU.ActiveCfg = Debug|Any CPU
		{B3795D80-D5FD-449A-A2E6-B50E13CE8707}.Debug|Any CPU.Build.0 = Debug|Any CPU
		{B3795D80-D5FD-449A-A2E6-B50E13CE8707}.Debug|x64.ActiveCfg = Debug|Any CPU
		{B3795D80-D5FD-449A-A2E6-B50E13CE8707}.Debug|x64.Build.0 = Debug|Any CPU
		{B3795D80-D5FD-449A-A2E6-B50E13CE8707}.Debug|x86.ActiveCfg = Debug|Any CPU
		{B3795D80-D5FD-449A-A2E6-B50E13CE8707}.Debug|x86.Build.0 = Debug|Any CPU
		{B3795D80-D5FD-449A-A2E6-B50E13CE8707}.Release|Any CPU.ActiveCfg = Release|Any CPU
		{B3795D80-D5FD-449A-A2E6-B50E13CE8707}.Release|Any CPU.Build.0 = Release|Any CPU
		{B3795D80-D5FD-449A-A2E6-B50E13CE8707}.Release|x64.ActiveCfg = Release|Any CPU
		{B3795D80-D5FD-449A-A2E6-B50E13CE8707}.Release|x64.Build.0 = Release|Any CPU
		{B3795D80-D5FD-449A-A2E6-B50E13CE8707}.Release|x86.ActiveCfg = Release|Any CPU
		{B3795D80-D5FD-449A-A2E6-B50E13CE8707}.Release|x86.Build.0 = Release|Any CPU
		{46C4CD60-779C-400D-B141-2639B7326884}.Debug|Any CPU.ActiveCfg = Debug|Any CPU
		{46C4CD60-779C-400D-B141-2639B7326884}.Debug|Any CPU.Build.0 = Debug|Any CPU
		{46C4CD60-779C-400D-B141-2639B7326884}.Debug|x64.ActiveCfg = Debug|Any CPU
		{46C4CD60-779C-400D-B141-2639B7326884}.Debug|x64.Build.0 = Debug|Any CPU
		{46C4CD60-779C-400D-B141-2639B7326884}.Debug|x86.ActiveCfg = Debug|Any CPU
		{46C4CD60-779C-400D-B141-2639B7326884}.Debug|x86.Build.0 = Debug|Any CPU
		{46C4CD60-779C-400D-B141-2639B7326884}.Release|Any CPU.ActiveCfg = Release|Any CPU
		{46C4CD60-779C-400D-B141-2639B7326884}.Release|Any CPU.Build.0 = Release|Any CPU
		{46C4CD60-779C-400D-B141-2639B7326884}.Release|x64.ActiveCfg = Release|Any CPU
		{46C4CD60-779C-400D-B141-2639B7326884}.Release|x64.Build.0 = Release|Any CPU
		{46C4CD60-779C-400D-B141-2639B7326884}.Release|x86.ActiveCfg = Release|Any CPU
		{46C4CD60-779C-400D-B141-2639B7326884}.Release|x86.Build.0 = Release|Any CPU
		{56B25DBD-4CAF-425E-9F14-CD9C528BF7F4}.Debug|Any CPU.ActiveCfg = Debug|Any CPU
		{56B25DBD-4CAF-425E-9F14-CD9C528BF7F4}.Debug|Any CPU.Build.0 = Debug|Any CPU
		{56B25DBD-4CAF-425E-9F14-CD9C528BF7F4}.Debug|x64.ActiveCfg = Debug|Any CPU
		{56B25DBD-4CAF-425E-9F14-CD9C528BF7F4}.Debug|x64.Build.0 = Debug|Any CPU
		{56B25DBD-4CAF-425E-9F14-CD9C528BF7F4}.Debug|x86.ActiveCfg = Debug|Any CPU
		{56B25DBD-4CAF-425E-9F14-CD9C528BF7F4}.Debug|x86.Build.0 = Debug|Any CPU
		{56B25DBD-4CAF-425E-9F14-CD9C528BF7F4}.Release|Any CPU.ActiveCfg = Release|Any CPU
		{56B25DBD-4CAF-425E-9F14-CD9C528BF7F4}.Release|Any CPU.Build.0 = Release|Any CPU
		{56B25DBD-4CAF-425E-9F14-CD9C528BF7F4}.Release|x64.ActiveCfg = Release|Any CPU
		{56B25DBD-4CAF-425E-9F14-CD9C528BF7F4}.Release|x64.Build.0 = Release|Any CPU
		{56B25DBD-4CAF-425E-9F14-CD9C528BF7F4}.Release|x86.ActiveCfg = Release|Any CPU
		{56B25DBD-4CAF-425E-9F14-CD9C528BF7F4}.Release|x86.Build.0 = Release|Any CPU
		{049188E6-B830-4B5A-B85B-2C07570CD1EF}.Debug|Any CPU.ActiveCfg = Debug|Any CPU
		{049188E6-B830-4B5A-B85B-2C07570CD1EF}.Debug|Any CPU.Build.0 = Debug|Any CPU
		{049188E6-B830-4B5A-B85B-2C07570CD1EF}.Debug|x64.ActiveCfg = Debug|Any CPU
		{049188E6-B830-4B5A-B85B-2C07570CD1EF}.Debug|x64.Build.0 = Debug|Any CPU
		{049188E6-B830-4B5A-B85B-2C07570CD1EF}.Debug|x86.ActiveCfg = Debug|Any CPU
		{049188E6-B830-4B5A-B85B-2C07570CD1EF}.Debug|x86.Build.0 = Debug|Any CPU
		{049188E6-B830-4B5A-B85B-2C07570CD1EF}.Release|Any CPU.ActiveCfg = Release|Any CPU
		{049188E6-B830-4B5A-B85B-2C07570CD1EF}.Release|Any CPU.Build.0 = Release|Any CPU
		{049188E6-B830-4B5A-B85B-2C07570CD1EF}.Release|x64.ActiveCfg = Release|Any CPU
		{049188E6-B830-4B5A-B85B-2C07570CD1EF}.Release|x64.Build.0 = Release|Any CPU
		{049188E6-B830-4B5A-B85B-2C07570CD1EF}.Release|x86.ActiveCfg = Release|Any CPU
		{049188E6-B830-4B5A-B85B-2C07570CD1EF}.Release|x86.Build.0 = Release|Any CPU
		{4FD13CE6-8FE0-4335-9B03-34835ED43C14}.Debug|Any CPU.ActiveCfg = Debug|Any CPU
		{4FD13CE6-8FE0-4335-9B03-34835ED43C14}.Debug|Any CPU.Build.0 = Debug|Any CPU
		{4FD13CE6-8FE0-4335-9B03-34835ED43C14}.Debug|x64.ActiveCfg = Debug|Any CPU
		{4FD13CE6-8FE0-4335-9B03-34835ED43C14}.Debug|x64.Build.0 = Debug|Any CPU
		{4FD13CE6-8FE0-4335-9B03-34835ED43C14}.Debug|x86.ActiveCfg = Debug|Any CPU
		{4FD13CE6-8FE0-4335-9B03-34835ED43C14}.Debug|x86.Build.0 = Debug|Any CPU
		{4FD13CE6-8FE0-4335-9B03-34835ED43C14}.Release|Any CPU.ActiveCfg = Release|Any CPU
		{4FD13CE6-8FE0-4335-9B03-34835ED43C14}.Release|Any CPU.Build.0 = Release|Any CPU
		{4FD13CE6-8FE0-4335-9B03-34835ED43C14}.Release|x64.ActiveCfg = Release|Any CPU
		{4FD13CE6-8FE0-4335-9B03-34835ED43C14}.Release|x64.Build.0 = Release|Any CPU
		{4FD13CE6-8FE0-4335-9B03-34835ED43C14}.Release|x86.ActiveCfg = Release|Any CPU
		{4FD13CE6-8FE0-4335-9B03-34835ED43C14}.Release|x86.Build.0 = Release|Any CPU
		{7448B9D8-9901-4028-B8F0-08E0F87AE669}.Debug|Any CPU.ActiveCfg = Debug|Any CPU
		{7448B9D8-9901-4028-B8F0-08E0F87AE669}.Debug|Any CPU.Build.0 = Debug|Any CPU
		{7448B9D8-9901-4028-B8F0-08E0F87AE669}.Debug|x64.ActiveCfg = Debug|Any CPU
		{7448B9D8-9901-4028-B8F0-08E0F87AE669}.Debug|x64.Build.0 = Debug|Any CPU
		{7448B9D8-9901-4028-B8F0-08E0F87AE669}.Debug|x86.ActiveCfg = Debug|Any CPU
		{7448B9D8-9901-4028-B8F0-08E0F87AE669}.Debug|x86.Build.0 = Debug|Any CPU
		{7448B9D8-9901-4028-B8F0-08E0F87AE669}.Release|Any CPU.ActiveCfg = Release|Any CPU
		{7448B9D8-9901-4028-B8F0-08E0F87AE669}.Release|Any CPU.Build.0 = Release|Any CPU
		{7448B9D8-9901-4028-B8F0-08E0F87AE669}.Release|x64.ActiveCfg = Release|Any CPU
		{7448B9D8-9901-4028-B8F0-08E0F87AE669}.Release|x64.Build.0 = Release|Any CPU
		{7448B9D8-9901-4028-B8F0-08E0F87AE669}.Release|x86.ActiveCfg = Release|Any CPU
		{7448B9D8-9901-4028-B8F0-08E0F87AE669}.Release|x86.Build.0 = Release|Any CPU
		{E86674B9-FC6B-4876-9FDF-38E745349F46}.Debug|Any CPU.ActiveCfg = Debug|Any CPU
		{E86674B9-FC6B-4876-9FDF-38E745349F46}.Debug|Any CPU.Build.0 = Debug|Any CPU
		{E86674B9-FC6B-4876-9FDF-38E745349F46}.Debug|x64.ActiveCfg = Debug|Any CPU
		{E86674B9-FC6B-4876-9FDF-38E745349F46}.Debug|x64.Build.0 = Debug|Any CPU
		{E86674B9-FC6B-4876-9FDF-38E745349F46}.Debug|x86.ActiveCfg = Debug|Any CPU
		{E86674B9-FC6B-4876-9FDF-38E745349F46}.Debug|x86.Build.0 = Debug|Any CPU
		{E86674B9-FC6B-4876-9FDF-38E745349F46}.Release|Any CPU.ActiveCfg = Release|Any CPU
		{E86674B9-FC6B-4876-9FDF-38E745349F46}.Release|Any CPU.Build.0 = Release|Any CPU
		{E86674B9-FC6B-4876-9FDF-38E745349F46}.Release|x64.ActiveCfg = Release|Any CPU
		{E86674B9-FC6B-4876-9FDF-38E745349F46}.Release|x64.Build.0 = Release|Any CPU
		{E86674B9-FC6B-4876-9FDF-38E745349F46}.Release|x86.ActiveCfg = Release|Any CPU
		{E86674B9-FC6B-4876-9FDF-38E745349F46}.Release|x86.Build.0 = Release|Any CPU
		{1CB200F3-7048-475D-95A4-83D849A7113E}.Debug|Any CPU.ActiveCfg = Debug|Any CPU
		{1CB200F3-7048-475D-95A4-83D849A7113E}.Debug|Any CPU.Build.0 = Debug|Any CPU
		{1CB200F3-7048-475D-95A4-83D849A7113E}.Debug|x64.ActiveCfg = Debug|Any CPU
		{1CB200F3-7048-475D-95A4-83D849A7113E}.Debug|x64.Build.0 = Debug|Any CPU
		{1CB200F3-7048-475D-95A4-83D849A7113E}.Debug|x86.ActiveCfg = Debug|Any CPU
		{1CB200F3-7048-475D-95A4-83D849A7113E}.Debug|x86.Build.0 = Debug|Any CPU
		{1CB200F3-7048-475D-95A4-83D849A7113E}.Release|Any CPU.ActiveCfg = Release|Any CPU
		{1CB200F3-7048-475D-95A4-83D849A7113E}.Release|Any CPU.Build.0 = Release|Any CPU
		{1CB200F3-7048-475D-95A4-83D849A7113E}.Release|x64.ActiveCfg = Release|Any CPU
		{1CB200F3-7048-475D-95A4-83D849A7113E}.Release|x64.Build.0 = Release|Any CPU
		{1CB200F3-7048-475D-95A4-83D849A7113E}.Release|x86.ActiveCfg = Release|Any CPU
		{1CB200F3-7048-475D-95A4-83D849A7113E}.Release|x86.Build.0 = Release|Any CPU
		{FAE1EB11-618E-4B50-8AC0-93178ACCC92E}.Debug|Any CPU.ActiveCfg = Debug|Any CPU
		{FAE1EB11-618E-4B50-8AC0-93178ACCC92E}.Debug|Any CPU.Build.0 = Debug|Any CPU
		{FAE1EB11-618E-4B50-8AC0-93178ACCC92E}.Debug|x64.ActiveCfg = Debug|Any CPU
		{FAE1EB11-618E-4B50-8AC0-93178ACCC92E}.Debug|x64.Build.0 = Debug|Any CPU
		{FAE1EB11-618E-4B50-8AC0-93178ACCC92E}.Debug|x86.ActiveCfg = Debug|Any CPU
		{FAE1EB11-618E-4B50-8AC0-93178ACCC92E}.Debug|x86.Build.0 = Debug|Any CPU
		{FAE1EB11-618E-4B50-8AC0-93178ACCC92E}.Release|Any CPU.ActiveCfg = Release|Any CPU
		{FAE1EB11-618E-4B50-8AC0-93178ACCC92E}.Release|Any CPU.Build.0 = Release|Any CPU
		{FAE1EB11-618E-4B50-8AC0-93178ACCC92E}.Release|x64.ActiveCfg = Release|Any CPU
		{FAE1EB11-618E-4B50-8AC0-93178ACCC92E}.Release|x64.Build.0 = Release|Any CPU
		{FAE1EB11-618E-4B50-8AC0-93178ACCC92E}.Release|x86.ActiveCfg = Release|Any CPU
		{FAE1EB11-618E-4B50-8AC0-93178ACCC92E}.Release|x86.Build.0 = Release|Any CPU
		{5110BAF2-615C-4A83-8F7A-9685EF79C476}.Debug|Any CPU.ActiveCfg = Debug|Any CPU
		{5110BAF2-615C-4A83-8F7A-9685EF79C476}.Debug|Any CPU.Build.0 = Debug|Any CPU
		{5110BAF2-615C-4A83-8F7A-9685EF79C476}.Debug|x64.ActiveCfg = Debug|Any CPU
		{5110BAF2-615C-4A83-8F7A-9685EF79C476}.Debug|x64.Build.0 = Debug|Any CPU
		{5110BAF2-615C-4A83-8F7A-9685EF79C476}.Debug|x86.ActiveCfg = Debug|Any CPU
		{5110BAF2-615C-4A83-8F7A-9685EF79C476}.Debug|x86.Build.0 = Debug|Any CPU
		{5110BAF2-615C-4A83-8F7A-9685EF79C476}.Release|Any CPU.ActiveCfg = Release|Any CPU
		{5110BAF2-615C-4A83-8F7A-9685EF79C476}.Release|Any CPU.Build.0 = Release|Any CPU
		{5110BAF2-615C-4A83-8F7A-9685EF79C476}.Release|x64.ActiveCfg = Release|Any CPU
		{5110BAF2-615C-4A83-8F7A-9685EF79C476}.Release|x64.Build.0 = Release|Any CPU
		{5110BAF2-615C-4A83-8F7A-9685EF79C476}.Release|x86.ActiveCfg = Release|Any CPU
		{5110BAF2-615C-4A83-8F7A-9685EF79C476}.Release|x86.Build.0 = Release|Any CPU
		{39048D8C-2B01-4366-B2F6-CDF68D1891D6}.Debug|Any CPU.ActiveCfg = Debug|Any CPU
		{39048D8C-2B01-4366-B2F6-CDF68D1891D6}.Debug|Any CPU.Build.0 = Debug|Any CPU
		{39048D8C-2B01-4366-B2F6-CDF68D1891D6}.Debug|x64.ActiveCfg = Debug|Any CPU
		{39048D8C-2B01-4366-B2F6-CDF68D1891D6}.Debug|x64.Build.0 = Debug|Any CPU
		{39048D8C-2B01-4366-B2F6-CDF68D1891D6}.Debug|x86.ActiveCfg = Debug|Any CPU
		{39048D8C-2B01-4366-B2F6-CDF68D1891D6}.Debug|x86.Build.0 = Debug|Any CPU
		{39048D8C-2B01-4366-B2F6-CDF68D1891D6}.Release|Any CPU.ActiveCfg = Release|Any CPU
		{39048D8C-2B01-4366-B2F6-CDF68D1891D6}.Release|Any CPU.Build.0 = Release|Any CPU
		{39048D8C-2B01-4366-B2F6-CDF68D1891D6}.Release|x64.ActiveCfg = Release|Any CPU
		{39048D8C-2B01-4366-B2F6-CDF68D1891D6}.Release|x64.Build.0 = Release|Any CPU
		{39048D8C-2B01-4366-B2F6-CDF68D1891D6}.Release|x86.ActiveCfg = Release|Any CPU
		{39048D8C-2B01-4366-B2F6-CDF68D1891D6}.Release|x86.Build.0 = Release|Any CPU
		{37375A15-4F14-49A7-A80D-8DEA2BB461F4}.Debug|Any CPU.ActiveCfg = Debug|Any CPU
		{37375A15-4F14-49A7-A80D-8DEA2BB461F4}.Debug|Any CPU.Build.0 = Debug|Any CPU
		{37375A15-4F14-49A7-A80D-8DEA2BB461F4}.Debug|x64.ActiveCfg = Debug|Any CPU
		{37375A15-4F14-49A7-A80D-8DEA2BB461F4}.Debug|x64.Build.0 = Debug|Any CPU
		{37375A15-4F14-49A7-A80D-8DEA2BB461F4}.Debug|x86.ActiveCfg = Debug|Any CPU
		{37375A15-4F14-49A7-A80D-8DEA2BB461F4}.Debug|x86.Build.0 = Debug|Any CPU
		{37375A15-4F14-49A7-A80D-8DEA2BB461F4}.Release|Any CPU.ActiveCfg = Release|Any CPU
		{37375A15-4F14-49A7-A80D-8DEA2BB461F4}.Release|Any CPU.Build.0 = Release|Any CPU
		{37375A15-4F14-49A7-A80D-8DEA2BB461F4}.Release|x64.ActiveCfg = Release|Any CPU
		{37375A15-4F14-49A7-A80D-8DEA2BB461F4}.Release|x64.Build.0 = Release|Any CPU
		{37375A15-4F14-49A7-A80D-8DEA2BB461F4}.Release|x86.ActiveCfg = Release|Any CPU
		{37375A15-4F14-49A7-A80D-8DEA2BB461F4}.Release|x86.Build.0 = Release|Any CPU
		{6E9BEBF6-6AC3-48F0-B9E9-5388C234D624}.Debug|Any CPU.ActiveCfg = Debug|Any CPU
		{6E9BEBF6-6AC3-48F0-B9E9-5388C234D624}.Debug|Any CPU.Build.0 = Debug|Any CPU
		{6E9BEBF6-6AC3-48F0-B9E9-5388C234D624}.Debug|x64.ActiveCfg = Debug|Any CPU
		{6E9BEBF6-6AC3-48F0-B9E9-5388C234D624}.Debug|x64.Build.0 = Debug|Any CPU
		{6E9BEBF6-6AC3-48F0-B9E9-5388C234D624}.Debug|x86.ActiveCfg = Debug|Any CPU
		{6E9BEBF6-6AC3-48F0-B9E9-5388C234D624}.Debug|x86.Build.0 = Debug|Any CPU
		{6E9BEBF6-6AC3-48F0-B9E9-5388C234D624}.Release|Any CPU.ActiveCfg = Release|Any CPU
		{6E9BEBF6-6AC3-48F0-B9E9-5388C234D624}.Release|Any CPU.Build.0 = Release|Any CPU
		{6E9BEBF6-6AC3-48F0-B9E9-5388C234D624}.Release|x64.ActiveCfg = Release|Any CPU
		{6E9BEBF6-6AC3-48F0-B9E9-5388C234D624}.Release|x64.Build.0 = Release|Any CPU
		{6E9BEBF6-6AC3-48F0-B9E9-5388C234D624}.Release|x86.ActiveCfg = Release|Any CPU
		{6E9BEBF6-6AC3-48F0-B9E9-5388C234D624}.Release|x86.Build.0 = Release|Any CPU
		{CD8FB48B-9224-4055-B920-E6C2A26D2FC0}.Debug|Any CPU.ActiveCfg = Debug|Any CPU
		{CD8FB48B-9224-4055-B920-E6C2A26D2FC0}.Debug|Any CPU.Build.0 = Debug|Any CPU
		{CD8FB48B-9224-4055-B920-E6C2A26D2FC0}.Debug|x64.ActiveCfg = Debug|Any CPU
		{CD8FB48B-9224-4055-B920-E6C2A26D2FC0}.Debug|x64.Build.0 = Debug|Any CPU
		{CD8FB48B-9224-4055-B920-E6C2A26D2FC0}.Debug|x86.ActiveCfg = Debug|Any CPU
		{CD8FB48B-9224-4055-B920-E6C2A26D2FC0}.Debug|x86.Build.0 = Debug|Any CPU
		{CD8FB48B-9224-4055-B920-E6C2A26D2FC0}.Release|Any CPU.ActiveCfg = Release|Any CPU
		{CD8FB48B-9224-4055-B920-E6C2A26D2FC0}.Release|Any CPU.Build.0 = Release|Any CPU
		{CD8FB48B-9224-4055-B920-E6C2A26D2FC0}.Release|x64.ActiveCfg = Release|Any CPU
		{CD8FB48B-9224-4055-B920-E6C2A26D2FC0}.Release|x64.Build.0 = Release|Any CPU
		{CD8FB48B-9224-4055-B920-E6C2A26D2FC0}.Release|x86.ActiveCfg = Release|Any CPU
		{CD8FB48B-9224-4055-B920-E6C2A26D2FC0}.Release|x86.Build.0 = Release|Any CPU
		{EBB11A90-F559-4783-B14E-744E2FB8FB70}.Debug|Any CPU.ActiveCfg = Debug|Any CPU
		{EBB11A90-F559-4783-B14E-744E2FB8FB70}.Debug|Any CPU.Build.0 = Debug|Any CPU
		{EBB11A90-F559-4783-B14E-744E2FB8FB70}.Debug|x64.ActiveCfg = Debug|Any CPU
		{EBB11A90-F559-4783-B14E-744E2FB8FB70}.Debug|x64.Build.0 = Debug|Any CPU
		{EBB11A90-F559-4783-B14E-744E2FB8FB70}.Debug|x86.ActiveCfg = Debug|Any CPU
		{EBB11A90-F559-4783-B14E-744E2FB8FB70}.Debug|x86.Build.0 = Debug|Any CPU
		{EBB11A90-F559-4783-B14E-744E2FB8FB70}.Release|Any CPU.ActiveCfg = Release|Any CPU
		{EBB11A90-F559-4783-B14E-744E2FB8FB70}.Release|Any CPU.Build.0 = Release|Any CPU
		{EBB11A90-F559-4783-B14E-744E2FB8FB70}.Release|x64.ActiveCfg = Release|Any CPU
		{EBB11A90-F559-4783-B14E-744E2FB8FB70}.Release|x64.Build.0 = Release|Any CPU
		{EBB11A90-F559-4783-B14E-744E2FB8FB70}.Release|x86.ActiveCfg = Release|Any CPU
		{EBB11A90-F559-4783-B14E-744E2FB8FB70}.Release|x86.Build.0 = Release|Any CPU
	EndGlobalSection
EndGlobal
